
Microsoft Visual Studio Solution File, Format Version 12.00
# Visual Studio Version 16
VisualStudioVersion = 16.0.29728.190
MinimumVisualStudioVersion = 10.0.40219.1
Project("{FAE04EC0-301F-11D3-BF4B-00C04F79EFBC}") = "Encryption-and-Decryption", "Encryption-and-Decryption.csproj", "{36AE5F5C-123A-40CC-97F2-E59E28AAD045}"
EndProject
Global
	GlobalSection(SolutionConfigurationPlatforms) = preSolution
		Debug|Any CPU = Debug|Any CPU
		Release|Any CPU = Release|Any CPU
	EndGlobalSection
	GlobalSection(ProjectConfigurationPlatforms) = postSolution
		{36AE5F5C-123A-40CC-97F2-E59E28AAD045}.Debug|Any CPU.ActiveCfg = Debug|Any CPU
		{36AE5F5C-123A-40CC-97F2-E59E28AAD045}.Debug|Any CPU.Build.0 = Debug|Any CPU
		{36AE5F5C-123A-40CC-97F2-E59E28AAD045}.Release|Any CPU.ActiveCfg = Release|Any CPU
		{36AE5F5C-123A-40CC-97F2-E59E28AAD045}.Release|Any CPU.Build.0 = Release|Any CPU
	EndGlobalSection
	GlobalSection(SolutionProperties) = preSolution
		HideSolutionNode = FALSE
	EndGlobalSection
	GlobalSection(ExtensibilityGlobals) = postSolution
		SolutionGuid = {B68238B6-A9E3-43D6-9249-BE6AA43C48DB}
	EndGlobalSection
EndGlobal
